
Microsoft Visual Studio Solution File, Format Version 12.00
# Visual Studio 2013
VisualStudioVersion = 12.0.31101.0
MinimumVisualStudioVersion = 10.0.40219.1
Project("{FAE04EC0-301F-11D3-BF4B-00C04F79EFBC}") = "GreenwayUpCarInfo", "GreenwayUpCarInfo\GreenwayUpCarInfo.csproj", "{B6591329-A58A-40BB-BF28-6990711842AD}"
EndProject
Global
	GlobalSection(SolutionConfigurationPlatforms) = preSolution
		Debug|Any CPU = Debug|Any CPU
		Release|Any CPU = Release|Any CPU
	EndGlobalSection
	GlobalSection(ProjectConfigurationPlatforms) = postSolution
		{B6591329-A58A-40BB-BF28-6990711842AD}.Debug|Any CPU.ActiveCfg = Debug|Any CPU
		{B6591329-A58A-40BB-BF28-6990711842AD}.Debug|Any CPU.Build.0 = Debug|Any CPU
		{B6591329-A58A-40BB-BF28-6990711842AD}.Release|Any CPU.ActiveCfg = Release|Any CPU
		{B6591329-A58A-40BB-BF28-6990711842AD}.Release|Any CPU.Build.0 = Release|Any CPU
	EndGlobalSection
	GlobalSection(SolutionProperties) = preSolution
		HideSolutionNode = FALSE
	EndGlobalSection
EndGlobal
